{
  "nodes": {
    "ddglc-attestations": {
      "flake": false,
      "locked": {
        "narHash": "sha256-SaByABdDNaS4nA6SJqNPFbY3lRBjJSFDTxh7iSxXrg8=",
        "type": "file",
        "url": "https://c.krebsco.de/ddglc-attestations.csv"
      },
      "original": {
        "type": "file",
        "url": "https://c.krebsco.de/ddglc-attestations.csv"
      }
    },
    "nixpkgs": {
      "locked": {
        "lastModified": 1713454724,
        "narHash": "sha256-0Htjy5e/ELoFH9/r20/9MsGHLD9adqsPMF5ns8B0m74=",
        "owner": "NixOS",
        "repo": "nixpkgs",
        "rev": "bc279bbacf1f11a48e1f9cdf32228f27e28f0291",
        "type": "github"
      },
      "original": {
        "owner": "NixOS",
        "repo": "nixpkgs",
        "type": "github"
      }
    },
    "root": {
      "inputs": {
        "ddglc-attestations": "ddglc-attestations",
        "nixpkgs": "nixpkgs"
      }
    }
  },
  "root": "root",
  "version": 7
}
